# This file is automatically @generated by Cargo.
# It is not intended for manual editing.
version = 3

[[package]]
name = "apertium-stream-parser"
version = "0.1.0"
dependencies = [
 "lazy_static",
 "literally",
]

[[package]]
name = "lazy_static"
version = "1.4.0"
source = "registry+https://github.com/rust-lang/crates.io-index"
checksum = "e2abad23fbc42b3700f2f279844dc832adb2b2eb069b2df918f455c4e18cc646"

[[package]]
name = "literally"
version = "0.1.3"
source = "registry+https://github.com/rust-lang/crates.io-index"
checksum = "f0d2be3f5a0d4d5c983d1f8ecc2a87676a0875a14feb9eebf0675f7c3e2f3c35"
